
Microsoft Visual Studio Solution File, Format Version 12.00
# Visual Studio Version 18
VisualStudioVersion = 18.5.11801.241
MinimumVisualStudioVersion = 10.0.40219.1
Project("{FAE04EC0-301F-11D3-BF4B-00C04F79EFBC}") = "SistemaHorarios.API", "SistemaHorarios.API\SistemaHorarios.API.csproj", "{CF79583B-6E84-4A07-83B1-650835C23FBC}"
EndProject
Project("{FAE04EC0-301F-11D3-BF4B-00C04F79EFBC}") = "SistemaHorarios.Datos", "SistemaHorarios.Datos\SistemaHorarios.Datos.csproj", "{3A725C39-409A-4719-8361-55933316B5E8}"
EndProject
Project("{FAE04EC0-301F-11D3-BF4B-00C04F79EFBC}") = "SistemaHorarios.Logica", "SistemaHorarios.Logica\SistemaHorarios.Logica.csproj", "{00C39CB7-77C8-48DE-90B5-18490DB55DCD}"
EndProject
Project("{FAE04EC0-301F-11D3-BF4B-00C04F79EFBC}") = "SistemaHorarios.Modelos", "SistemaHorarios.Modelos\SistemaHorarios.Modelos.csproj", "{883E52A2-B466-4B2A-918D-F4089F298657}"
EndProject
Project("{FAE04EC0-301F-11D3-BF4B-00C04F79EFBC}") = "SistemaHorarios.Pruebas", "SistemaHorarios.Pruebas\SistemaHorarios.Pruebas.csproj", "{BACF211F-EAFC-445B-8979-8D3B02AB9F5E}"
EndProject
Project("{2150E333-8FDC-42A3-9474-1A3956D46DE8}") = "docs", "docs", "{92ACF026-FE78-4454-91D7-920DE52EF279}"
	ProjectSection(SolutionItems) = preProject
		arquitectura-backend.md = arquitectura-backend.md
		autenticacion-jwt.md = autenticacion-jwt.md
		configuracion-desarrollo.md = configuracion-desarrollo.md
		convenciones-equipo.md = convenciones-equipo.md
		estructura-proyectos.md = estructura-proyectos.md
		modelo-relacional-academico.md = modelo-relacional-academico.md
	EndProjectSection
EndProject
Global
	GlobalSection(SolutionConfigurationPlatforms) = preSolution
		Debug|Any CPU = Debug|Any CPU
		Release|Any CPU = Release|Any CPU
	EndGlobalSection
	GlobalSection(ProjectConfigurationPlatforms) = postSolution
		{CF79583B-6E84-4A07-83B1-650835C23FBC}.Debug|Any CPU.ActiveCfg = Debug|Any CPU
		{CF79583B-6E84-4A07-83B1-650835C23FBC}.Debug|Any CPU.Build.0 = Debug|Any CPU
		{CF79583B-6E84-4A07-83B1-650835C23FBC}.Release|Any CPU.ActiveCfg = Release|Any CPU
		{CF79583B-6E84-4A07-83B1-650835C23FBC}.Release|Any CPU.Build.0 = Release|Any CPU
		{3A725C39-409A-4719-8361-55933316B5E8}.Debug|Any CPU.ActiveCfg = Debug|Any CPU
		{3A725C39-409A-4719-8361-55933316B5E8}.Debug|Any CPU.Build.0 = Debug|Any CPU
		{3A725C39-409A-4719-8361-55933316B5E8}.Release|Any CPU.ActiveCfg = Release|Any CPU
		{3A725C39-409A-4719-8361-55933316B5E8}.Release|Any CPU.Build.0 = Release|Any CPU
		{00C39CB7-77C8-48DE-90B5-18490DB55DCD}.Debug|Any CPU.ActiveCfg = Debug|Any CPU
		{00C39CB7-77C8-48DE-90B5-18490DB55DCD}.Debug|Any CPU.Build.0 = Debug|Any CPU
		{00C39CB7-77C8-48DE-90B5-18490DB55DCD}.Release|Any CPU.ActiveCfg = Release|Any CPU
		{00C39CB7-77C8-48DE-90B5-18490DB55DCD}.Release|Any CPU.Build.0 = Release|Any CPU
		{883E52A2-B466-4B2A-918D-F4089F298657}.Debug|Any CPU.ActiveCfg = Debug|Any CPU
		{883E52A2-B466-4B2A-918D-F4089F298657}.Debug|Any CPU.Build.0 = Debug|Any CPU
		{883E52A2-B466-4B2A-918D-F4089F298657}.Release|Any CPU.ActiveCfg = Release|Any CPU
		{883E52A2-B466-4B2A-918D-F4089F298657}.Release|Any CPU.Build.0 = Release|Any CPU
		{BACF211F-EAFC-445B-8979-8D3B02AB9F5E}.Debug|Any CPU.ActiveCfg = Debug|Any CPU
		{BACF211F-EAFC-445B-8979-8D3B02AB9F5E}.Debug|Any CPU.Build.0 = Debug|Any CPU
		{BACF211F-EAFC-445B-8979-8D3B02AB9F5E}.Release|Any CPU.ActiveCfg = Release|Any CPU
		{BACF211F-EAFC-445B-8979-8D3B02AB9F5E}.Release|Any CPU.Build.0 = Release|Any CPU
	EndGlobalSection
	GlobalSection(SolutionProperties) = preSolution
		HideSolutionNode = FALSE
	EndGlobalSection
	GlobalSection(ExtensibilityGlobals) = postSolution
		SolutionGuid = {36CA05DC-DA79-4C5F-B0B0-03DB650F8AAA}
	EndGlobalSection
EndGlobal
